// !$*UTF8*$!
{
	archiveVersion = 1;
	classes = {
	};
	objectVersion = 46;
	objects = {

/* Begin PBXBuildFile section */
		B210159D1C74925A00230AE8 /* AppDelegate.swift in Sources */ = {isa = PBXBuildFile; fileRef = B210159C1C74925A00230AE8 /* AppDelegate.swift */; };
		B21015A21C74925A00230AE8 /* Main.storyboard in Resources */ = {isa = PBXBuildFile; fileRef = B21015A01C74925A00230AE8 /* Main.storyboard */; };
		B21015A41C74925A00230AE8 /* Assets.xcassets in Resources */ = {isa = PBXBuildFile; fileRef = B21015A31C74925A00230AE8 /* Assets.xcassets */; };
		B21015A71C74925A00230AE8 /* LaunchScreen.storyboard in Resources */ = {isa = PBXBuildFile; fileRef = B21015A51C74925A00230AE8 /* LaunchScreen.storyboard */; };
		B21015B21C74925A00230AE8 /* UXMagazineTests.swift in Sources */ = {isa = PBXBuildFile; fileRef = B21015B11C74925A00230AE8 /* UXMagazineTests.swift */; };
		B21015BD1C74925A00230AE8 /* UXMagazineUITests.swift in Sources */ = {isa = PBXBuildFile; fileRef = B21015BC1C74925A00230AE8 /* UXMagazineUITests.swift */; };
		B21015D91C7492D000230AE8 /* O2StrechableTableHeaderView.swift in Sources */ = {isa = PBXBuildFile; fileRef = B21015CB1C7492D000230AE8 /* O2StrechableTableHeaderView.swift */; };
		B21015DA1C7492D000230AE8 /* UIViewController+Snapshot.swift in Sources */ = {isa = PBXBuildFile; fileRef = B21015CC1C7492D000230AE8 /* UIViewController+Snapshot.swift */; };
		B21015DB1C7492D000230AE8 /* CardEdit.storyboard in Resources */ = {isa = PBXBuildFile; fileRef = B21015CF1C7492D000230AE8 /* CardEdit.storyboard */; };
		B21015DC1C7492D000230AE8 /* CardEditViewController.swift in Sources */ = {isa = PBXBuildFile; fileRef = B21015D01C7492D000230AE8 /* CardEditViewController.swift */; };
		B21015DD1C7492D000230AE8 /* FirstGuide.storyboard in Resources */ = {isa = PBXBuildFile; fileRef = B21015D21C7492D000230AE8 /* FirstGuide.storyboard */; };
		B21015DE1C7492D000230AE8 /* FirstGuideViewController.swift in Sources */ = {isa = PBXBuildFile; fileRef = B21015D31C7492D000230AE8 /* FirstGuideViewController.swift */; };
		B21015DF1C7492D000230AE8 /* ViewController.swift in Sources */ = {isa = PBXBuildFile; fileRef = B21015D51C7492D000230AE8 /* ViewController.swift */; };
		B21015E01C7492D000230AE8 /* Show.storyboard in Resources */ = {isa = PBXBuildFile; fileRef = B21015D71C7492D000230AE8 /* Show.storyboard */; };
		B21015E11C7492D000230AE8 /* ShowViewController.swift in Sources */ = {isa = PBXBuildFile; fileRef = B21015D81C7492D000230AE8 /* ShowViewController.swift */; };
		B21015EE1C75AF3B00230AE8 /* CardChannelCell.swift in Sources */ = {isa = PBXBuildFile; fileRef = B21015EC1C75AF3B00230AE8 /* CardChannelCell.swift */; };
		B21015EF1C75AF3B00230AE8 /* CardChannelCell.xib in Resources */ = {isa = PBXBuildFile; fileRef = B21015ED1C75AF3B00230AE8 /* CardChannelCell.xib */; };
		B21015F21C75B5B800230AE8 /* CardSelectedCell.swift in Sources */ = {isa = PBXBuildFile; fileRef = B21015F01C75B5B800230AE8 /* CardSelectedCell.swift */; };
		B21015F31C75B5B800230AE8 /* CardSelectedCell.xib in Resources */ = {isa = PBXBuildFile; fileRef = B21015F11C75B5B800230AE8 /* CardSelectedCell.xib */; };
		B21015F81C75BB8D00230AE8 /* JDDragAndDropCollectionView.swift in Sources */ = {isa = PBXBuildFile; fileRef = B21015F51C75BB8D00230AE8 /* JDDragAndDropCollectionView.swift */; };
		B21015F91C75BB8D00230AE8 /* JDDragAndDropManager.swift in Sources */ = {isa = PBXBuildFile; fileRef = B21015F61C75BB8D00230AE8 /* JDDragAndDropManager.swift */; };
		B21015FA1C75BB8D00230AE8 /* JDEditFlowLayout.swift in Sources */ = {isa = PBXBuildFile; fileRef = B21015F71C75BB8D00230AE8 /* JDEditFlowLayout.swift */; };
		B21015FC1C76B6E100230AE8 /* CardEditPresentAnimation.swift in Sources */ = {isa = PBXBuildFile; fileRef = B21015FB1C76B6E100230AE8 /* CardEditPresentAnimation.swift */; };
		B21016011C77018100230AE8 /* BaseTransitionAnimation.swift in Sources */ = {isa = PBXBuildFile; fileRef = B21016001C77018100230AE8 /* BaseTransitionAnimation.swift */; };
		B21016031C7AFA3800230AE8 /* CardEditSelectedCollectionViewFlowLayout.swift in Sources */ = {isa = PBXBuildFile; fileRef = B21016021C7AFA3800230AE8 /* CardEditSelectedCollectionViewFlowLayout.swift */; };
		B21016071C7C5BFC00230AE8 /* HomeChoiceCell.swift in Sources */ = {isa = PBXBuildFile; fileRef = B21016051C7C5BFC00230AE8 /* HomeChoiceCell.swift */; };
		B21016081C7C5BFC00230AE8 /* HomeChoiceCell.xib in Resources */ = {isa = PBXBuildFile; fileRef = B21016061C7C5BFC00230AE8 /* HomeChoiceCell.xib */; };
		B210160B1C7DB0AD00230AE8 /* HomeChoiceNews.swift in Sources */ = {isa = PBXBuildFile; fileRef = B210160A1C7DB0AD00230AE8 /* HomeChoiceNews.swift */; };
		B210160D1C7E9D3500230AE8 /* UIView+O2CornerRadius.swift in Sources */ = {isa = PBXBuildFile; fileRef = B210160C1C7E9D3500230AE8 /* UIView+O2CornerRadius.swift */; };
		B21FABC21CA398C80086102A /* WeeklyCell.swift in Sources */ = {isa = PBXBuildFile; fileRef = B21FABC01CA398C80086102A /* WeeklyCell.swift */; };
		B21FABC31CA398C80086102A /* WeeklyCell.xib in Resources */ = {isa = PBXBuildFile; fileRef = B21FABC11CA398C80086102A /* WeeklyCell.xib */; };
		B21FABC51CA3C5510086102A /* O2ConstantColor.swift in Sources */ = {isa = PBXBuildFile; fileRef = B21FABC41CA3C5510086102A /* O2ConstantColor.swift */; };
		B21FABC81CA3C82F0086102A /* NSDate+Extension.swift in Sources */ = {isa = PBXBuildFile; fileRef = B21FABC61CA3C82F0086102A /* NSDate+Extension.swift */; };
		B21FABC91CA3C82F0086102A /* NSDateTimeAgo.bundle in Resources */ = {isa = PBXBuildFile; fileRef = B21FABC71CA3C82F0086102A /* NSDateTimeAgo.bundle */; };
		B2281AF31CA53F56009AF242 /* HeaderTitleBar.swift in Sources */ = {isa = PBXBuildFile; fileRef = B2281AF21CA53F56009AF242 /* HeaderTitleBar.swift */; };
		B2281AF71CA8D653009AF242 /* HeaderTitleBar.xib in Resources */ = {isa = PBXBuildFile; fileRef = B2281AF61CA8D653009AF242 /* HeaderTitleBar.xib */; };
		B2F20DD41CA13A1200E17A7F /* O2ContainerViewController.swift in Sources */ = {isa = PBXBuildFile; fileRef = B2F20DD31CA13A1200E17A7F /* O2ContainerViewController.swift */; };
		B2F20DD61CA1597F00E17A7F /* O2ContainerTransitionContext.swift in Sources */ = {isa = PBXBuildFile; fileRef = B2F20DD51CA1597F00E17A7F /* O2ContainerTransitionContext.swift */; };
/* End PBXBuildFile section */

/* Begin PBXContainerItemProxy section */
		B21015AE1C74925A00230AE8 /* PBXContainerItemProxy */ = {
			isa = PBXContainerItemProxy;
			containerPortal = B21015911C74925A00230AE8 /* Project object */;
			proxyType = 1;
			remoteGlobalIDString = B21015981C74925A00230AE8;
			remoteInfo = UXMagazine;
		};
		B21015B91C74925A00230AE8 /* PBXContainerItemProxy */ = {
			isa = PBXContainerItemProxy;
			containerPortal = B21015911C74925A00230AE8 /* Project object */;
			proxyType = 1;
			remoteGlobalIDString = B21015981C74925A00230AE8;
			remoteInfo = UXMagazine;
		};
/* End PBXContainerItemProxy section */

/* Begin PBXFileReference section */
		B21015991C74925A00230AE8 /* UXMagazine.app */ = {isa = PBXFileReference; explicitFileType = wrapper.application; includeInIndex = 0; path = UXMagazine.app; sourceTree = BUILT_PRODUCTS_DIR; };
		B210159C1C74925A00230AE8 /* AppDelegate.swift */ = {isa = PBXFileReference; lastKnownFileType = sourcecode.swift; path = AppDelegate.swift; sourceTree = "<group>"; };
		B21015A11C74925A00230AE8 /* Base */ = {isa = PBXFileReference; lastKnownFileType = file.storyboard; name = Base; path = Base.lproj/Main.storyboard; sourceTree = "<group>"; };
		B21015A31C74925A00230AE8 /* Assets.xcassets */ = {isa = PBXFileReference; lastKnownFileType = folder.assetcatalog; path = Assets.xcassets; sourceTree = "<group>"; };
		B21015A61C74925A00230AE8 /* Base */ = {isa = PBXFileReference; lastKnownFileType = file.storyboard; name = Base; path = Base.lproj/LaunchScreen.storyboard; sourceTree = "<group>"; };
		B21015A81C74925A00230AE8 /* Info.plist */ = {isa = PBXFileReference; lastKnownFileType = text.plist.xml; path = Info.plist; sourceTree = "<group>"; };
		B21015AD1C74925A00230AE8 /* UXMagazineTests.xctest */ = {isa = PBXFileReference; explicitFileType = wrapper.cfbundle; includeInIndex = 0; path = UXMagazineTests.xctest; sourceTree = BUILT_PRODUCTS_DIR; };
		B21015B11C74925A00230AE8 /* UXMagazineTests.swift */ = {isa = PBXFileReference; lastKnownFileType = sourcecode.swift; path = UXMagazineTests.swift; sourceTree = "<group>"; };
		B21015B31C74925A00230AE8 /* Info.plist */ = {isa = PBXFileReference; lastKnownFileType = text.plist.xml; path = Info.plist; sourceTree = "<group>"; };
		B21015B81C74925A00230AE8 /* UXMagazineUITests.xctest */ = {isa = PBXFileReference; explicitFileType = wrapper.cfbundle; includeInIndex = 0; path = UXMagazineUITests.xctest; sourceTree = BUILT_PRODUCTS_DIR; };
		B21015BC1C74925A00230AE8 /* UXMagazineUITests.swift */ = {isa = PBXFileReference; lastKnownFileType = sourcecode.swift; path = UXMagazineUITests.swift; sourceTree = "<group>"; };
		B21015BE1C74925A00230AE8 /* Info.plist */ = {isa = PBXFileReference; lastKnownFileType = text.plist.xml; path = Info.plist; sourceTree = "<group>"; };
		B21015CB1C7492D000230AE8 /* O2StrechableTableHeaderView.swift */ = {isa = PBXFileReference; fileEncoding = 4; lastKnownFileType = sourcecode.swift; path = O2StrechableTableHeaderView.swift; sourceTree = "<group>"; };
		B21015CC1C7492D000230AE8 /* UIViewController+Snapshot.swift */ = {isa = PBXFileReference; fileEncoding = 4; lastKnownFileType = sourcecode.swift; path = "UIViewController+Snapshot.swift"; sourceTree = "<group>"; };
		B21015CF1C7492D000230AE8 /* CardEdit.storyboard */ = {isa = PBXFileReference; fileEncoding = 4; lastKnownFileType = file.storyboard; path = CardEdit.storyboard; sourceTree = "<group>"; };
		B21015D01C7492D000230AE8 /* CardEditViewController.swift */ = {isa = PBXFileReference; fileEncoding = 4; lastKnownFileType = sourcecode.swift; path = CardEditViewController.swift; sourceTree = "<group>"; };
		B21015D21C7492D000230AE8 /* FirstGuide.storyboard */ = {isa = PBXFileReference; fileEncoding = 4; lastKnownFileType = file.storyboard; path = FirstGuide.storyboard; sourceTree = "<group>"; };
		B21015D31C7492D000230AE8 /* FirstGuideViewController.swift */ = {isa = PBXFileReference; fileEncoding = 4; lastKnownFileType = sourcecode.swift; path = FirstGuideViewController.swift; sourceTree = "<group>"; };
		B21015D51C7492D000230AE8 /* ViewController.swift */ = {isa = PBXFileReference; fileEncoding = 4; lastKnownFileType = sourcecode.swift; path = ViewController.swift; sourceTree = "<group>"; };
		B21015D71C7492D000230AE8 /* Show.storyboard */ = {isa = PBXFileReference; fileEncoding = 4; lastKnownFileType = file.storyboard; path = Show.storyboard; sourceTree = "<group>"; };
		B21015D81C7492D000230AE8 /* ShowViewController.swift */ = {isa = PBXFileReference; fileEncoding = 4; lastKnownFileType = sourcecode.swift; path = ShowViewController.swift; sourceTree = "<group>"; };
		B21015EC1C75AF3B00230AE8 /* CardChannelCell.swift */ = {isa = PBXFileReference; fileEncoding = 4; lastKnownFileType = sourcecode.swift; path = CardChannelCell.swift; sourceTree = "<group>"; };
		B21015ED1C75AF3B00230AE8 /* CardChannelCell.xib */ = {isa = PBXFileReference; fileEncoding = 4; lastKnownFileType = file.xib; path = CardChannelCell.xib; sourceTree = "<group>"; };
		B21015F01C75B5B800230AE8 /* CardSelectedCell.swift */ = {isa = PBXFileReference; fileEncoding = 4; lastKnownFileType = sourcecode.swift; path = CardSelectedCell.swift; sourceTree = "<group>"; };
		B21015F11C75B5B800230AE8 /* CardSelectedCell.xib */ = {isa = PBXFileReference; fileEncoding = 4; lastKnownFileType = file.xib; path = CardSelectedCell.xib; sourceTree = "<group>"; };
		B21015F51C75BB8D00230AE8 /* JDDragAndDropCollectionView.swift */ = {isa = PBXFileReference; fileEncoding = 4; lastKnownFileType = sourcecode.swift; path = JDDragAndDropCollectionView.swift; sourceTree = "<group>"; };
		B21015F61C75BB8D00230AE8 /* JDDragAndDropManager.swift */ = {isa = PBXFileReference; fileEncoding = 4; lastKnownFileType = sourcecode.swift; path = JDDragAndDropManager.swift; sourceTree = "<group>"; };
		B21015F71C75BB8D00230AE8 /* JDEditFlowLayout.swift */ = {isa = PBXFileReference; fileEncoding = 4; lastKnownFileType = sourcecode.swift; path = JDEditFlowLayout.swift; sourceTree = "<group>"; };
		B21015FB1C76B6E100230AE8 /* CardEditPresentAnimation.swift */ = {isa = PBXFileReference; fileEncoding = 4; lastKnownFileType = sourcecode.swift; path = CardEditPresentAnimation.swift; sourceTree = "<group>"; };
		B21016001C77018100230AE8 /* BaseTransitionAnimation.swift */ = {isa = PBXFileReference; fileEncoding = 4; lastKnownFileType = sourcecode.swift; path = BaseTransitionAnimation.swift; sourceTree = "<group>"; };
		B21016021C7AFA3800230AE8 /* CardEditSelectedCollectionViewFlowLayout.swift */ = {isa = PBXFileReference; fileEncoding = 4; lastKnownFileType = sourcecode.swift; path = CardEditSelectedCollectionViewFlowLayout.swift; sourceTree = "<group>"; };
		B21016051C7C5BFC00230AE8 /* HomeChoiceCell.swift */ = {isa = PBXFileReference; fileEncoding = 4; lastKnownFileType = sourcecode.swift; path = HomeChoiceCell.swift; sourceTree = "<group>"; };
		B21016061C7C5BFC00230AE8 /* HomeChoiceCell.xib */ = {isa = PBXFileReference; fileEncoding = 4; lastKnownFileType = file.xib; path = HomeChoiceCell.xib; sourceTree = "<group>"; };
		B210160A1C7DB0AD00230AE8 /* HomeChoiceNews.swift */ = {isa = PBXFileReference; fileEncoding = 4; lastKnownFileType = sourcecode.swift; path = HomeChoiceNews.swift; sourceTree = "<group>"; };
		B210160C1C7E9D3500230AE8 /* UIView+O2CornerRadius.swift */ = {isa = PBXFileReference; fileEncoding = 4; lastKnownFileType = sourcecode.swift; path = "UIView+O2CornerRadius.swift"; sourceTree = "<group>"; };
		B21FABC01CA398C80086102A /* WeeklyCell.swift */ = {isa = PBXFileReference; fileEncoding = 4; lastKnownFileType = sourcecode.swift; path = WeeklyCell.swift; sourceTree = "<group>"; };
		B21FABC11CA398C80086102A /* WeeklyCell.xib */ = {isa = PBXFileReference; fileEncoding = 4; lastKnownFileType = file.xib; path = WeeklyCell.xib; sourceTree = "<group>"; };
		B21FABC41CA3C5510086102A /* O2ConstantColor.swift */ = {isa = PBXFileReference; fileEncoding = 4; lastKnownFileType = sourcecode.swift; path = O2ConstantColor.swift; sourceTree = "<group>"; };
		B21FABC61CA3C82F0086102A /* NSDate+Extension.swift */ = {isa = PBXFileReference; fileEncoding = 4; lastKnownFileType = sourcecode.swift; path = "NSDate+Extension.swift"; sourceTree = "<group>"; };
		B21FABC71CA3C82F0086102A /* NSDateTimeAgo.bundle */ = {isa = PBXFileReference; lastKnownFileType = "wrapper.plug-in"; path = NSDateTimeAgo.bundle; sourceTree = "<group>"; };
		B2281AF21CA53F56009AF242 /* HeaderTitleBar.swift */ = {isa = PBXFileReference; fileEncoding = 4; lastKnownFileType = sourcecode.swift; path = HeaderTitleBar.swift; sourceTree = "<group>"; };
		B2281AF61CA8D653009AF242 /* HeaderTitleBar.xib */ = {isa = PBXFileReference; fileEncoding = 4; lastKnownFileType = file.xib; path = HeaderTitleBar.xib; sourceTree = "<group>"; };
		B2F20DD31CA13A1200E17A7F /* O2ContainerViewController.swift */ = {isa = PBXFileReference; fileEncoding = 4; lastKnownFileType = sourcecode.swift; path = O2ContainerViewController.swift; sourceTree = "<group>"; };
		B2F20DD51CA1597F00E17A7F /* O2ContainerTransitionContext.swift */ = {isa = PBXFileReference; fileEncoding = 4; lastKnownFileType = sourcecode.swift; path = O2ContainerTransitionContext.swift; sourceTree = "<group>"; };
/* End PBXFileReference section */

/* Begin PBXFrameworksBuildPhase section */
		B21015961C74925A00230AE8 /* Frameworks */ = {
			isa = PBXFrameworksBuildPhase;
			buildActionMask = 2147483647;
			files = (
			);
			runOnlyForDeploymentPostprocessing = 0;
		};
		B21015AA1C74925A00230AE8 /* Frameworks */ = {
			isa = PBXFrameworksBuildPhase;
			buildActionMask = 2147483647;
			files = (
			);
			runOnlyForDeploymentPostprocessing = 0;
		};
		B21015B51C74925A00230AE8 /* Frameworks */ = {
			isa = PBXFrameworksBuildPhase;
			buildActionMask = 2147483647;
			files = (
			);
			runOnlyForDeploymentPostprocessing = 0;
		};
/* End PBXFrameworksBuildPhase section */

/* Begin PBXGroup section */
		B21015901C74925A00230AE8 = {
			isa = PBXGroup;
			children = (
				B210159B1C74925A00230AE8 /* UXMagazine */,
				B21015B01C74925A00230AE8 /* UXMagazineTests */,
				B21015BB1C74925A00230AE8 /* UXMagazineUITests */,
				B210159A1C74925A00230AE8 /* Products */,
			);
			sourceTree = "<group>";
		};
		B210159A1C74925A00230AE8 /* Products */ = {
			isa = PBXGroup;
			children = (
				B21015991C74925A00230AE8 /* UXMagazine.app */,
				B21015AD1C74925A00230AE8 /* UXMagazineTests.xctest */,
				B21015B81C74925A00230AE8 /* UXMagazineUITests.xctest */,
			);
			name = Products;
			sourceTree = "<group>";
		};
		B210159B1C74925A00230AE8 /* UXMagazine */ = {
			isa = PBXGroup;
			children = (
				B210159C1C74925A00230AE8 /* AppDelegate.swift */,
				B21FABC41CA3C5510086102A /* O2ConstantColor.swift */,
				B21016091C7DB08600230AE8 /* Models */,
				B21015CA1C7492D000230AE8 /* Extensions */,
				B21015E91C75AF3B00230AE8 /* Views */,
				B21015CD1C7492D000230AE8 /* ViewControllers */,
				B21015A01C74925A00230AE8 /* Main.storyboard */,
				B21015A31C74925A00230AE8 /* Assets.xcassets */,
				B21015A51C74925A00230AE8 /* LaunchScreen.storyboard */,
				B21015A81C74925A00230AE8 /* Info.plist */,
			);
			path = UXMagazine;
			sourceTree = "<group>";
		};
		B21015B01C74925A00230AE8 /* UXMagazineTests */ = {
			isa = PBXGroup;
			children = (
				B21015B11C74925A00230AE8 /* UXMagazineTests.swift */,
				B21015B31C74925A00230AE8 /* Info.plist */,
			);
			path = UXMagazineTests;
			sourceTree = "<group>";
		};
		B21015BB1C74925A00230AE8 /* UXMagazineUITests */ = {
			isa = PBXGroup;
			children = (
				B21015BC1C74925A00230AE8 /* UXMagazineUITests.swift */,
				B21015BE1C74925A00230AE8 /* Info.plist */,
			);
			path = UXMagazineUITests;
			sourceTree = "<group>";
		};
		B21015CA1C7492D000230AE8 /* Extensions */ = {
			isa = PBXGroup;
			children = (
				B21FABCA1CA3C83B0086102A /* NSDate+TimeAgo */,
				B21015FF1C77016600230AE8 /* TransitionAnimationBase */,
				B21015F41C75BB8D00230AE8 /* DragableCollectionView */,
				B21015CB1C7492D000230AE8 /* O2StrechableTableHeaderView.swift */,
				B21015CC1C7492D000230AE8 /* UIViewController+Snapshot.swift */,
				B210160C1C7E9D3500230AE8 /* UIView+O2CornerRadius.swift */,
			);
			path = Extensions;
			sourceTree = "<group>";
		};
		B21015CD1C7492D000230AE8 /* ViewControllers */ = {
			isa = PBXGroup;
			children = (
				B21015CE1C7492D000230AE8 /* CardEdit */,
				B21015D11C7492D000230AE8 /* Guide */,
				B21015D41C7492D000230AE8 /* Home */,
				B21015D61C7492D000230AE8 /* Show */,
			);
			path = ViewControllers;
			sourceTree = "<group>";
		};
		B21015CE1C7492D000230AE8 /* CardEdit */ = {
			isa = PBXGroup;
			children = (
				B21015CF1C7492D000230AE8 /* CardEdit.storyboard */,
				B21015D01C7492D000230AE8 /* CardEditViewController.swift */,
				B21015FB1C76B6E100230AE8 /* CardEditPresentAnimation.swift */,
				B21016021C7AFA3800230AE8 /* CardEditSelectedCollectionViewFlowLayout.swift */,
			);
			path = CardEdit;
			sourceTree = "<group>";
		};
		B21015D11C7492D000230AE8 /* Guide */ = {
			isa = PBXGroup;
			children = (
				B21015D21C7492D000230AE8 /* FirstGuide.storyboard */,
				B21015D31C7492D000230AE8 /* FirstGuideViewController.swift */,
			);
			path = Guide;
			sourceTree = "<group>";
		};
		B21015D41C7492D000230AE8 /* Home */ = {
			isa = PBXGroup;
			children = (
				B21015D51C7492D000230AE8 /* ViewController.swift */,
				B2F20DD31CA13A1200E17A7F /* O2ContainerViewController.swift */,
				B2F20DD51CA1597F00E17A7F /* O2ContainerTransitionContext.swift */,
			);
			path = Home;
			sourceTree = "<group>";
		};
		B21015D61C7492D000230AE8 /* Show */ = {
			isa = PBXGroup;
			children = (
				B21015D71C7492D000230AE8 /* Show.storyboard */,
				B21015D81C7492D000230AE8 /* ShowViewController.swift */,
			);
			path = Show;
			sourceTree = "<group>";
		};
		B21015E91C75AF3B00230AE8 /* Views */ = {
			isa = PBXGroup;
			children = (
				B2F20DD21CA1364300E17A7F /* Home */,
				B21015EA1C75AF3B00230AE8 /* Cells */,
			);
			path = Views;
			sourceTree = "<group>";
		};
		B21015EA1C75AF3B00230AE8 /* Cells */ = {
			isa = PBXGroup;
			children = (
				B21016041C7C5B6000230AE8 /* Home */,
				B21015EB1C75AF3B00230AE8 /* CardEdit */,
			);
			path = Cells;
			sourceTree = "<group>";
		};
		B21015EB1C75AF3B00230AE8 /* CardEdit */ = {
			isa = PBXGroup;
			children = (
				B21015EC1C75AF3B00230AE8 /* CardChannelCell.swift */,
				B21015ED1C75AF3B00230AE8 /* CardChannelCell.xib */,
				B21015F01C75B5B800230AE8 /* CardSelectedCell.swift */,
				B21015F11C75B5B800230AE8 /* CardSelectedCell.xib */,
			);
			path = CardEdit;
			sourceTree = "<group>";
		};
		B21015F41C75BB8D00230AE8 /* DragableCollectionView */ = {
			isa = PBXGroup;
			children = (
				B21015F51C75BB8D00230AE8 /* JDDragAndDropCollectionView.swift */,
				B21015F61C75BB8D00230AE8 /* JDDragAndDropManager.swift */,
				B21015F71C75BB8D00230AE8 /* JDEditFlowLayout.swift */,
			);
			path = DragableCollectionView;
			sourceTree = "<group>";
		};
		B21015FF1C77016600230AE8 /* TransitionAnimationBase */ = {
			isa = PBXGroup;
			children = (
				B21016001C77018100230AE8 /* BaseTransitionAnimation.swift */,
			);
			path = TransitionAnimationBase;
			sourceTree = "<group>";
		};
		B21016041C7C5B6000230AE8 /* Home */ = {
			isa = PBXGroup;
			children = (
				B21016051C7C5BFC00230AE8 /* HomeChoiceCell.swift */,
				B21016061C7C5BFC00230AE8 /* HomeChoiceCell.xib */,
				B21FABC01CA398C80086102A /* WeeklyCell.swift */,
				B21FABC11CA398C80086102A /* WeeklyCell.xib */,
			);
			path = Home;
			sourceTree = "<group>";
		};
		B21016091C7DB08600230AE8 /* Models */ = {
			isa = PBXGroup;
			children = (
				B210160A1C7DB0AD00230AE8 /* HomeChoiceNews.swift */,
			);
			path = Models;
			sourceTree = "<group>";
		};
		B21FABCA1CA3C83B0086102A /* NSDate+TimeAgo */ = {
			isa = PBXGroup;
			children = (
				B21FABC61CA3C82F0086102A /* NSDate+Extension.swift */,
				B21FABC71CA3C82F0086102A /* NSDateTimeAgo.bundle */,
			);
			name = "NSDate+TimeAgo";
			sourceTree = "<group>";
		};
		B2F20DD21CA1364300E17A7F /* Home */ = {
			isa = PBXGroup;
			children = (
				B2281AF21CA53F56009AF242 /* HeaderTitleBar.swift */,
				B2281AF61CA8D653009AF242 /* HeaderTitleBar.xib */,
			);
			path = Home;
			sourceTree = "<group>";
		};
/* End PBXGroup section */

/* Begin PBXNativeTarget section */
		B21015981C74925A00230AE8 /* UXMagazine */ = {
			isa = PBXNativeTarget;
			buildConfigurationList = B21015C11C74925A00230AE8 /* Build configuration list for PBXNativeTarget "UXMagazine" */;
			buildPhases = (
				B21015951C74925A00230AE8 /* Sources */,
				B21015961C74925A00230AE8 /* Frameworks */,
				B21015971C74925A00230AE8 /* Resources */,
			);
			buildRules = (
			);
			dependencies = (
			);
			name = UXMagazine;
			productName = UXMagazine;
			productReference = B21015991C74925A00230AE8 /* UXMagazine.app */;
			productType = "com.apple.product-type.application";
		};
		B21015AC1C74925A00230AE8 /* UXMagazineTests */ = {
			isa = PBXNativeTarget;
			buildConfigurationList = B21015C41C74925A00230AE8 /* Build configuration list for PBXNativeTarget "UXMagazineTests" */;
			buildPhases = (
				B21015A91C74925A00230AE8 /* Sources */,
				B21015AA1C74925A00230AE8 /* Frameworks */,
				B21015AB1C74925A00230AE8 /* Resources */,
			);
			buildRules = (
			);
			dependencies = (
				B21015AF1C74925A00230AE8 /* PBXTargetDependency */,
			);
			name = UXMagazineTests;
			productName = UXMagazineTests;
			productReference = B21015AD1C74925A00230AE8 /* UXMagazineTests.xctest */;
			productType = "com.apple.product-type.bundle.unit-test";
		};
		B21015B71C74925A00230AE8 /* UXMagazineUITests */ = {
			isa = PBXNativeTarget;
			buildConfigurationList = B21015C71C74925A00230AE8 /* Build configuration list for PBXNativeTarget "UXMagazineUITests" */;
			buildPhases = (
				B21015B41C74925A00230AE8 /* Sources */,
				B21015B51C74925A00230AE8 /* Frameworks */,
				B21015B61C74925A00230AE8 /* Resources */,
			);
			buildRules = (
			);
			dependencies = (
				B21015BA1C74925A00230AE8 /* PBXTargetDependency */,
			);
			name = UXMagazineUITests;
			productName = UXMagazineUITests;
			productReference = B21015B81C74925A00230AE8 /* UXMagazineUITests.xctest */;
			productType = "com.apple.product-type.bundle.ui-testing";
		};
/* End PBXNativeTarget section */

/* Begin PBXProject section */
		B21015911C74925A00230AE8 /* Project object */ = {
			isa = PBXProject;
			attributes = {
				LastSwiftUpdateCheck = 0720;
				LastUpgradeCheck = 0720;
				ORGANIZATIONNAME = jd.com;
				TargetAttributes = {
					B21015981C74925A00230AE8 = {
						CreatedOnToolsVersion = 7.2.1;
					};
					B21015AC1C74925A00230AE8 = {
						CreatedOnToolsVersion = 7.2.1;
						TestTargetID = B21015981C74925A00230AE8;
					};
					B21015B71C74925A00230AE8 = {
						CreatedOnToolsVersion = 7.2.1;
						TestTargetID = B21015981C74925A00230AE8;
					};
				};
			};
			buildConfigurationList = B21015941C74925A00230AE8 /* Build configuration list for PBXProject "UXMagazine" */;
			compatibilityVersion = "Xcode 3.2";
			developmentRegion = English;
			hasScannedForEncodings = 0;
			knownRegions = (
				en,
				Base,
			);
			mainGroup = B21015901C74925A00230AE8;
			productRefGroup = B210159A1C74925A00230AE8 /* Products */;
			projectDirPath = "";
			projectRoot = "";
			targets = (
				B21015981C74925A00230AE8 /* UXMagazine */,
				B21015AC1C74925A00230AE8 /* UXMagazineTests */,
				B21015B71C74925A00230AE8 /* UXMagazineUITests */,
			);
		};
/* End PBXProject section */

/* Begin PBXResourcesBuildPhase section */
		B21015971C74925A00230AE8 /* Resources */ = {
			isa = PBXResourcesBuildPhase;
			buildActionMask = 2147483647;
			files = (
				B21015F31C75B5B800230AE8 /* CardSelectedCell.xib in Resources */,
				B21015A71C74925A00230AE8 /* LaunchScreen.storyboard in Resources */,
				B21015E01C7492D000230AE8 /* Show.storyboard in Resources */,
				B2281AF71CA8D653009AF242 /* HeaderTitleBar.xib in Resources */,
				B21015A41C74925A00230AE8 /* Assets.xcassets in Resources */,
				B21FABC91CA3C82F0086102A /* NSDateTimeAgo.bundle in Resources */,
				B21015DB1C7492D000230AE8 /* CardEdit.storyboard in Resources */,
				B21015DD1C7492D000230AE8 /* FirstGuide.storyboard in Resources */,
				B21FABC31CA398C80086102A /* WeeklyCell.xib in Resources */,
				B21015A21C74925A00230AE8 /* Main.storyboard in Resources */,
				B21015EF1C75AF3B00230AE8 /* CardChannelCell.xib in Resources */,
				B21016081C7C5BFC00230AE8 /* HomeChoiceCell.xib in Resources */,
			);
			runOnlyForDeploymentPostprocessing = 0;
		};
		B21015AB1C74925A00230AE8 /* Resources */ = {
			isa = PBXResourcesBuildPhase;
			buildActionMask = 2147483647;
			files = (
			);
			runOnlyForDeploymentPostprocessing = 0;
		};
		B21015B61C74925A00230AE8 /* Resources */ = {
			isa = PBXResourcesBuildPhase;
			buildActionMask = 2147483647;
			files = (
			);
			runOnlyForDeploymentPostprocessing = 0;
		};
/* End PBXResourcesBuildPhase section */

/* Begin PBXSourcesBuildPhase section */
		B21015951C74925A00230AE8 /* Sources */ = {
			isa = PBXSourcesBuildPhase;
			buildActionMask = 2147483647;
			files = (
				B21015DF1C7492D000230AE8 /* ViewController.swift in Sources */,
				B21015FC1C76B6E100230AE8 /* CardEditPresentAnimation.swift in Sources */,
				B21016011C77018100230AE8 /* BaseTransitionAnimation.swift in Sources */,
				B21016071C7C5BFC00230AE8 /* HomeChoiceCell.swift in Sources */,
				B21FABC81CA3C82F0086102A /* NSDate+Extension.swift in Sources */,
				B2F20DD41CA13A1200E17A7F /* O2ContainerViewController.swift in Sources */,
				B21015F21C75B5B800230AE8 /* CardSelectedCell.swift in Sources */,
				B21015E11C7492D000230AE8 /* ShowViewController.swift in Sources */,
				B210160D1C7E9D3500230AE8 /* UIView+O2CornerRadius.swift in Sources */,
				B21016031C7AFA3800230AE8 /* CardEditSelectedCollectionViewFlowLayout.swift in Sources */,
				B2F20DD61CA1597F00E17A7F /* O2ContainerTransitionContext.swift in Sources */,
				B21015F81C75BB8D00230AE8 /* JDDragAndDropCollectionView.swift in Sources */,
				B21015D91C7492D000230AE8 /* O2StrechableTableHeaderView.swift in Sources */,
				B21FABC21CA398C80086102A /* WeeklyCell.swift in Sources */,
				B21015EE1C75AF3B00230AE8 /* CardChannelCell.swift in Sources */,
				B2281AF31CA53F56009AF242 /* HeaderTitleBar.swift in Sources */,
				B21015DA1C7492D000230AE8 /* UIViewController+Snapshot.swift in Sources */,
				B21015F91C75BB8D00230AE8 /* JDDragAndDropManager.swift in Sources */,
				B21FABC51CA3C5510086102A /* O2ConstantColor.swift in Sources */,
				B21015DC1C7492D000230AE8 /* CardEditViewController.swift in Sources */,
				B210160B1C7DB0AD00230AE8 /* HomeChoiceNews.swift in Sources */,
				B21015DE1C7492D000230AE8 /* FirstGuideViewController.swift in Sources */,
				B210159D1C74925A00230AE8 /* AppDelegate.swift in Sources */,
				B21015FA1C75BB8D00230AE8 /* JDEditFlowLayout.swift in Sources */,
			);
			runOnlyForDeploymentPostprocessing = 0;
		};
		B21015A91C74925A00230AE8 /* Sources */ = {
			isa = PBXSourcesBuildPhase;
			buildActionMask = 2147483647;
			files = (
				B21015B21C74925A00230AE8 /* UXMagazineTests.swift in Sources */,
			);
			runOnlyForDeploymentPostprocessing = 0;
		};
		B21015B41C74925A00230AE8 /* Sources */ = {
			isa = PBXSourcesBuildPhase;
			buildActionMask = 2147483647;
			files = (
				B21015BD1C74925A00230AE8 /* UXMagazineUITests.swift in Sources */,
			);
			runOnlyForDeploymentPostprocessing = 0;
		};
/* End PBXSourcesBuildPhase section */

/* Begin PBXTargetDependency section */
		B21015AF1C74925A00230AE8 /* PBXTargetDependency */ = {
			isa = PBXTargetDependency;
			target = B21015981C74925A00230AE8 /* UXMagazine */;
			targetProxy = B21015AE1C74925A00230AE8 /* PBXContainerItemProxy */;
		};
		B21015BA1C74925A00230AE8 /* PBXTargetDependency */ = {
			isa = PBXTargetDependency;
			target = B21015981C74925A00230AE8 /* UXMagazine */;
			targetProxy = B21015B91C74925A00230AE8 /* PBXContainerItemProxy */;
		};
/* End PBXTargetDependency section */

/* Begin PBXVariantGroup section */
		B21015A01C74925A00230AE8 /* Main.storyboard */ = {
			isa = PBXVariantGroup;
			children = (
				B21015A11C74925A00230AE8 /* Base */,
			);
			name = Main.storyboard;
			sourceTree = "<group>";
		};
		B21015A51C74925A00230AE8 /* LaunchScreen.storyboard */ = {
			isa = PBXVariantGroup;
			children = (
				B21015A61C74925A00230AE8 /* Base */,
			);
			name = LaunchScreen.storyboard;
			sourceTree = "<group>";
		};
/* End PBXVariantGroup section */

/* Begin XCBuildConfiguration section */
		B21015BF1C74925A00230AE8 /* Debug */ = {
			isa = XCBuildConfiguration;
			buildSettings = {
				ALWAYS_SEARCH_USER_PATHS = NO;
				CLANG_CXX_LANGUAGE_STANDARD = "gnu++0x";
				CLANG_CXX_LIBRARY = "libc++";
				CLANG_ENABLE_MODULES = YES;
				CLANG_ENABLE_OBJC_ARC = YES;
				CLANG_WARN_BOOL_CONVERSION = YES;
				CLANG_WARN_CONSTANT_CONVERSION = YES;
				CLANG_WARN_DIRECT_OBJC_ISA_USAGE = YES_ERROR;
				CLANG_WARN_EMPTY_BODY = YES;
				CLANG_WARN_ENUM_CONVERSION = YES;
				CLANG_WARN_INT_CONVERSION = YES;
				CLANG_WARN_OBJC_ROOT_CLASS = YES_ERROR;
				CLANG_WARN_UNREACHABLE_CODE = YES;
				CLANG_WARN__DUPLICATE_METHOD_MATCH = YES;
				"CODE_SIGN_IDENTITY[sdk=iphoneos*]" = "iPhone Developer";
				COPY_PHASE_STRIP = NO;
				DEBUG_INFORMATION_FORMAT = dwarf;
				ENABLE_STRICT_OBJC_MSGSEND = YES;
				ENABLE_TESTABILITY = YES;
				GCC_C_LANGUAGE_STANDARD = gnu99;
				GCC_DYNAMIC_NO_PIC = NO;
				GCC_NO_COMMON_BLOCKS = YES;
				GCC_OPTIMIZATION_LEVEL = 0;
				GCC_PREPROCESSOR_DEFINITIONS = (
					"DEBUG=1",
					"$(inherited)",
				);
				GCC_WARN_64_TO_32_BIT_CONVERSION = YES;
				GCC_WARN_ABOUT_RETURN_TYPE = YES_ERROR;
				GCC_WARN_UNDECLARED_SELECTOR = YES;
				GCC_WARN_UNINITIALIZED_AUTOS = YES_AGGRESSIVE;
				GCC_WARN_UNUSED_FUNCTION = YES;
				GCC_WARN_UNUSED_VARIABLE = YES;
				IPHONEOS_DEPLOYMENT_TARGET = 9.2;
				MTL_ENABLE_DEBUG_INFO = YES;
				ONLY_ACTIVE_ARCH = YES;
				SDKROOT = iphoneos;
				SWIFT_OPTIMIZATION_LEVEL = "-Onone";
			};
			name = Debug;
		};
		B21015C01C74925A00230AE8 /* Release */ = {
			isa = XCBuildConfiguration;
			buildSettings = {
				ALWAYS_SEARCH_USER_PATHS = NO;
				CLANG_CXX_LANGUAGE_STANDARD = "gnu++0x";
				CLANG_CXX_LIBRARY = "libc++";
				CLANG_ENABLE_MODULES = YES;
				CLANG_ENABLE_OBJC_ARC = YES;
				CLANG_WARN_BOOL_CONVERSION = YES;
				CLANG_WARN_CONSTANT_CONVERSION = YES;
				CLANG_WARN_DIRECT_OBJC_ISA_USAGE = YES_ERROR;
				CLANG_WARN_EMPTY_BODY = YES;
				CLANG_WARN_ENUM_CONVERSION = YES;
				CLANG_WARN_INT_CONVERSION = YES;
				CLANG_WARN_OBJC_ROOT_CLASS = YES_ERROR;
				CLANG_WARN_UNREACHABLE_CODE = YES;
				CLANG_WARN__DUPLICATE_METHOD_MATCH = YES;
				"CODE_SIGN_IDENTITY[sdk=iphoneos*]" = "iPhone Developer";
				COPY_PHASE_STRIP = NO;
				DEBUG_INFORMATION_FORMAT = "dwarf-with-dsym";
				ENABLE_NS_ASSERTIONS = NO;
				ENABLE_STRICT_OBJC_MSGSEND = YES;
				GCC_C_LANGUAGE_STANDARD = gnu99;
				GCC_NO_COMMON_BLOCKS = YES;
				GCC_WARN_64_TO_32_BIT_CONVERSION = YES;
				GCC_WARN_ABOUT_RETURN_TYPE = YES_ERROR;
				GCC_WARN_UNDECLARED_SELECTOR = YES;
				GCC_WARN_UNINITIALIZED_AUTOS = YES_AGGRESSIVE;
				GCC_WARN_UNUSED_FUNCTION = YES;
				GCC_WARN_UNUSED_VARIABLE = YES;
				IPHONEOS_DEPLOYMENT_TARGET = 9.2;
				MTL_ENABLE_DEBUG_INFO = NO;
				SDKROOT = iphoneos;
				VALIDATE_PRODUCT = YES;
			};
			name = Release;
		};
		B21015C21C74925A00230AE8 /* Debug */ = {
			isa = XCBuildConfiguration;
			buildSettings = {
				ASSETCATALOG_COMPILER_APPICON_NAME = AppIcon;
				INFOPLIST_FILE = UXMagazine/Info.plist;
				LD_RUNPATH_SEARCH_PATHS = "$(inherited) @executable_path/Frameworks";
				PRODUCT_BUNDLE_IDENTIFIER = JD.UXMagazine;
				PRODUCT_NAME = "$(TARGET_NAME)";
			};
			name = Debug;
		};
		B21015C31C74925A00230AE8 /* Release */ = {
			isa = XCBuildConfiguration;
			buildSettings = {
				ASSETCATALOG_COMPILER_APPICON_NAME = AppIcon;
				INFOPLIST_FILE = UXMagazine/Info.plist;
				LD_RUNPATH_SEARCH_PATHS = "$(inherited) @executable_path/Frameworks";
				PRODUCT_BUNDLE_IDENTIFIER = JD.UXMagazine;
				PRODUCT_NAME = "$(TARGET_NAME)";
			};
			name = Release;
		};
		B21015C51C74925A00230AE8 /* Debug */ = {
			isa = XCBuildConfiguration;
			buildSettings = {
				BUNDLE_LOADER = "$(TEST_HOST)";
				INFOPLIST_FILE = UXMagazineTests/Info.plist;
				LD_RUNPATH_SEARCH_PATHS = "$(inherited) @executable_path/Frameworks @loader_path/Frameworks";
				PRODUCT_BUNDLE_IDENTIFIER = JD.UXMagazineTests;
				PRODUCT_NAME = "$(TARGET_NAME)";
				TEST_HOST = "$(BUILT_PRODUCTS_DIR)/UXMagazine.app/UXMagazine";
			};
			name = Debug;
		};
		B21015C61C74925A00230AE8 /* Release */ = {
			isa = XCBuildConfiguration;
			buildSettings = {
				BUNDLE_LOADER = "$(TEST_HOST)";
				INFOPLIST_FILE = UXMagazineTests/Info.plist;
				LD_RUNPATH_SEARCH_PATHS = "$(inherited) @executable_path/Frameworks @loader_path/Frameworks";
				PRODUCT_BUNDLE_IDENTIFIER = JD.UXMagazineTests;
				PRODUCT_NAME = "$(TARGET_NAME)";
				TEST_HOST = "$(BUILT_PRODUCTS_DIR)/UXMagazine.app/UXMagazine";
			};
			name = Release;
		};
		B21015C81C74925A00230AE8 /* Debug */ = {
			isa = XCBuildConfiguration;
			buildSettings = {
				INFOPLIST_FILE = UXMagazineUITests/Info.plist;
				LD_RUNPATH_SEARCH_PATHS = "$(inherited) @executable_path/Frameworks @loader_path/Frameworks";
				PRODUCT_BUNDLE_IDENTIFIER = JD.UXMagazineUITests;
				PRODUCT_NAME = "$(TARGET_NAME)";
				TEST_TARGET_NAME = UXMagazine;
				USES_XCTRUNNER = YES;
			};
			name = Debug;
		};
		B21015C91C74925A00230AE8 /* Release */ = {
			isa = XCBuildConfiguration;
			buildSettings = {
				INFOPLIST_FILE = UXMagazineUITests/Info.plist;
				LD_RUNPATH_SEARCH_PATHS = "$(inherited) @executable_path/Frameworks @loader_path/Frameworks";
				PRODUCT_BUNDLE_IDENTIFIER = JD.UXMagazineUITests;
				PRODUCT_NAME = "$(TARGET_NAME)";
				TEST_TARGET_NAME = UXMagazine;
				USES_XCTRUNNER = YES;
			};
			name = Release;
		};
/* End XCBuildConfiguration section */

/* Begin XCConfigurationList section */
		B21015941C74925A00230AE8 /* Build configuration list for PBXProject "UXMagazine" */ = {
			isa = XCConfigurationList;
			buildConfigurations = (
				B21015BF1C74925A00230AE8 /* Debug */,
				B21015C01C74925A00230AE8 /* Release */,
			);
			defaultConfigurationIsVisible = 0;
			defaultConfigurationName = Release;
		};
		B21015C11C74925A00230AE8 /* Build configuration list for PBXNativeTarget "UXMagazine" */ = {
			isa = XCConfigurationList;
			buildConfigurations = (
				B21015C21C74925A00230AE8 /* Debug */,
				B21015C31C74925A00230AE8 /* Release */,
			);
			defaultConfigurationIsVisible = 0;
			defaultConfigurationName = Release;
		};
		B21015C41C74925A00230AE8 /* Build configuration list for PBXNativeTarget "UXMagazineTests" */ = {
			isa = XCConfigurationList;
			buildConfigurations = (
				B21015C51C74925A00230AE8 /* Debug */,
				B21015C61C74925A00230AE8 /* Release */,
			);
			defaultConfigurationIsVisible = 0;
			defaultConfigurationName = Release;
		};
		B21015C71C74925A00230AE8 /* Build configuration list for PBXNativeTarget "UXMagazineUITests" */ = {
			isa = XCConfigurationList;
			buildConfigurations = (
				B21015C81C74925A00230AE8 /* Debug */,
				B21015C91C74925A00230AE8 /* Release */,
			);
			defaultConfigurationIsVisible = 0;
			defaultConfigurationName = Release;
		};
/* End XCConfigurationList section */
	};
	rootObject = B21015911C74925A00230AE8 /* Project object */;
}
